// !$*UTF8*$!
{
	archiveVersion = 1;
	classes = {
	};
	objectVersion = 50;
	objects = {

/* Begin PBXBuildFile section */
		FF12DBB422B934F800F29890 /* WeatherService.swift in Sources */ = {isa = PBXBuildFile; fileRef = FF12DBB322B934F800F29890 /* WeatherService.swift */; };
		FFD7D9D622B3A54A00FBA008 /* AppDelegate.swift in Sources */ = {isa = PBXBuildFile; fileRef = FFD7D9D522B3A54A00FBA008 /* AppDelegate.swift */; };
		FFD7D9DB22B3A54A00FBA008 /* Main.storyboard in Resources */ = {isa = PBXBuildFile; fileRef = FFD7D9D922B3A54A00FBA008 /* Main.storyboard */; };
		FFD7D9DD22B3A54B00FBA008 /* Assets.xcassets in Resources */ = {isa = PBXBuildFile; fileRef = FFD7D9DC22B3A54B00FBA008 /* Assets.xcassets */; };
		FFD7D9E022B3A54B00FBA008 /* LaunchScreen.storyboard in Resources */ = {isa = PBXBuildFile; fileRef = FFD7D9DE22B3A54B00FBA008 /* LaunchScreen.storyboard */; };
		FFD7D9F622B3A6A800FBA008 /* ApiKeys.plist in Resources */ = {isa = PBXBuildFile; fileRef = FFD7D9F522B3A6A800FBA008 /* ApiKeys.plist */; };
		FFD7D9FC22B3A7A500FBA008 /* ExchangeViewController.swift in Sources */ = {isa = PBXBuildFile; fileRef = FFD7D9FB22B3A7A500FBA008 /* ExchangeViewController.swift */; };
		FFD7D9FE22B3A7C300FBA008 /* TranslateViewController.swift in Sources */ = {isa = PBXBuildFile; fileRef = FFD7D9FD22B3A7C300FBA008 /* TranslateViewController.swift */; };
		FFD7DA0022B3A7D700FBA008 /* WeatherViewController.swift in Sources */ = {isa = PBXBuildFile; fileRef = FFD7D9FF22B3A7D700FBA008 /* WeatherViewController.swift */; };
		FFD9131322BAF52F00BEAAD9 /* WeatherData.swift in Sources */ = {isa = PBXBuildFile; fileRef = FFD9131222BAF52F00BEAAD9 /* WeatherData.swift */; };
		FFDB705522B559E9004FD4A2 /* ApiKeysManager.swift in Sources */ = {isa = PBXBuildFile; fileRef = FFDB705422B559E9004FD4A2 /* ApiKeysManager.swift */; };
		FFDB705822B596CF004FD4A2 /* TranslationData.swift in Sources */ = {isa = PBXBuildFile; fileRef = FFDB705722B596CF004FD4A2 /* TranslationData.swift */; };
		FFDB705A22B5970E004FD4A2 /* TranslationSymbols.swift in Sources */ = {isa = PBXBuildFile; fileRef = FFDB705922B5970E004FD4A2 /* TranslationSymbols.swift */; };
		FFDB705C22B599E0004FD4A2 /* TranslationService.swift in Sources */ = {isa = PBXBuildFile; fileRef = FFDB705B22B599E0004FD4A2 /* TranslationService.swift */; };
		FFE5268722CA235F00943186 /* UIViewController.swift in Sources */ = {isa = PBXBuildFile; fileRef = FFE5268622CA235F00943186 /* UIViewController.swift */; };
		FFE5269722CA6D0900943186 /* WeatherTestCase.swift in Sources */ = {isa = PBXBuildFile; fileRef = FF5A689222C3861F00BDCE77 /* WeatherTestCase.swift */; };
		FFE5269822CA6D1900943186 /* TranslationTestCase.swift in Sources */ = {isa = PBXBuildFile; fileRef = FFA4ACE522C10646008353CC /* TranslationTestCase.swift */; };
		FFE5269A22CA6D2700943186 /* WeatherFakeResponseData.swift in Sources */ = {isa = PBXBuildFile; fileRef = FF5A689C22C3867E00BDCE77 /* WeatherFakeResponseData.swift */; };
		FFE5269B22CA6D2A00943186 /* Weather.json in Resources */ = {isa = PBXBuildFile; fileRef = FF5A689A22C3866200BDCE77 /* Weather.json */; };
		FFE5269C22CA6D3C00943186 /* URLSessionFake.swift in Sources */ = {isa = PBXBuildFile; fileRef = FF5A688A22C37B9E00BDCE77 /* URLSessionFake.swift */; };
		FFE5269D22CA6D3F00943186 /* TranslationFakeResponseData.swift in Sources */ = {isa = PBXBuildFile; fileRef = FFA4ACF122C10A37008353CC /* TranslationFakeResponseData.swift */; };
		FFE5269E22CA6D4300943186 /* Languages.json in Resources */ = {isa = PBXBuildFile; fileRef = FFA4ACEF22C109DB008353CC /* Languages.json */; };
		FFE5269F22CA6D4500943186 /* Translation.json in Resources */ = {isa = PBXBuildFile; fileRef = FFA4ACED22C109A2008353CC /* Translation.json */; };
		FFE526A022CA6D5000943186 /* ExchangeTestCase.swift in Sources */ = {isa = PBXBuildFile; fileRef = FF5CC25122B3FA5D0020EB40 /* ExchangeTestCase.swift */; };
		FFE526A122CA6D5300943186 /* Exchange.json in Resources */ = {isa = PBXBuildFile; fileRef = FFED6B1A22B3C31E0045BC38 /* Exchange.json */; };
		FFE526A222CA6D5600943186 /* ExchangeFakeResponseData.swift in Sources */ = {isa = PBXBuildFile; fileRef = FFED6B3B22B3CCD80045BC38 /* ExchangeFakeResponseData.swift */; };
		FFE526A422CA6D5D00943186 /* ExchangeSymbols.json in Resources */ = {isa = PBXBuildFile; fileRef = FFED6B1822B3C2910045BC38 /* ExchangeSymbols.json */; };
		FFED6B2322B3C3C30045BC38 /* ExchangeSymbols.swift in Sources */ = {isa = PBXBuildFile; fileRef = FFED6B2122B3C3A60045BC38 /* ExchangeSymbols.swift */; };
		FFED6B2422B3C3C80045BC38 /* ExchangeService.swift in Sources */ = {isa = PBXBuildFile; fileRef = FFED6B1F22B3C37B0045BC38 /* ExchangeService.swift */; };
		FFED6B2522B3C3CD0045BC38 /* Exchange.swift in Sources */ = {isa = PBXBuildFile; fileRef = FFED6B1C22B3C3520045BC38 /* Exchange.swift */; };
/* End PBXBuildFile section */

/* Begin PBXContainerItemProxy section */
		FFE5269122CA6C9E00943186 /* PBXContainerItemProxy */ = {
			isa = PBXContainerItemProxy;
			containerPortal = FFD7D9CA22B3A54A00FBA008 /* Project object */;
			proxyType = 1;
			remoteGlobalIDString = FFD7D9D122B3A54A00FBA008;
			remoteInfo = Baluchon;
		};
/* End PBXContainerItemProxy section */

/* Begin PBXFileReference section */
		FF12DBB322B934F800F29890 /* WeatherService.swift */ = {isa = PBXFileReference; lastKnownFileType = sourcecode.swift; path = WeatherService.swift; sourceTree = "<group>"; };
		FF5A688A22C37B9E00BDCE77 /* URLSessionFake.swift */ = {isa = PBXFileReference; lastKnownFileType = sourcecode.swift; path = URLSessionFake.swift; sourceTree = "<group>"; };
		FF5A689222C3861F00BDCE77 /* WeatherTestCase.swift */ = {isa = PBXFileReference; lastKnownFileType = sourcecode.swift; path = WeatherTestCase.swift; sourceTree = "<group>"; };
		FF5A689A22C3866200BDCE77 /* Weather.json */ = {isa = PBXFileReference; lastKnownFileType = text.json; path = Weather.json; sourceTree = "<group>"; };
		FF5A689C22C3867E00BDCE77 /* WeatherFakeResponseData.swift */ = {isa = PBXFileReference; lastKnownFileType = sourcecode.swift; path = WeatherFakeResponseData.swift; sourceTree = "<group>"; };
		FF5CC25122B3FA5D0020EB40 /* ExchangeTestCase.swift */ = {isa = PBXFileReference; lastKnownFileType = sourcecode.swift; path = ExchangeTestCase.swift; sourceTree = "<group>"; };
		FFA4ACE522C10646008353CC /* TranslationTestCase.swift */ = {isa = PBXFileReference; lastKnownFileType = sourcecode.swift; path = TranslationTestCase.swift; sourceTree = "<group>"; };
		FFA4ACED22C109A2008353CC /* Translation.json */ = {isa = PBXFileReference; lastKnownFileType = text.json; path = Translation.json; sourceTree = "<group>"; };
		FFA4ACEF22C109DB008353CC /* Languages.json */ = {isa = PBXFileReference; lastKnownFileType = text.json; path = Languages.json; sourceTree = "<group>"; };
		FFA4ACF122C10A37008353CC /* TranslationFakeResponseData.swift */ = {isa = PBXFileReference; lastKnownFileType = sourcecode.swift; path = TranslationFakeResponseData.swift; sourceTree = "<group>"; };
		FFD7D9D222B3A54A00FBA008 /* Baluchon.app */ = {isa = PBXFileReference; explicitFileType = wrapper.application; includeInIndex = 0; path = Baluchon.app; sourceTree = BUILT_PRODUCTS_DIR; };
		FFD7D9D522B3A54A00FBA008 /* AppDelegate.swift */ = {isa = PBXFileReference; lastKnownFileType = sourcecode.swift; path = AppDelegate.swift; sourceTree = "<group>"; };
		FFD7D9DA22B3A54A00FBA008 /* Base */ = {isa = PBXFileReference; lastKnownFileType = file.storyboard; name = Base; path = Base.lproj/Main.storyboard; sourceTree = "<group>"; };
		FFD7D9DC22B3A54B00FBA008 /* Assets.xcassets */ = {isa = PBXFileReference; lastKnownFileType = folder.assetcatalog; path = Assets.xcassets; sourceTree = "<group>"; };
		FFD7D9DF22B3A54B00FBA008 /* Base */ = {isa = PBXFileReference; lastKnownFileType = file.storyboard; name = Base; path = Base.lproj/LaunchScreen.storyboard; sourceTree = "<group>"; };
		FFD7D9E122B3A54B00FBA008 /* Info.plist */ = {isa = PBXFileReference; lastKnownFileType = text.plist.xml; path = Info.plist; sourceTree = "<group>"; };
		FFD7D9F522B3A6A800FBA008 /* ApiKeys.plist */ = {isa = PBXFileReference; lastKnownFileType = text.plist.xml; path = ApiKeys.plist; sourceTree = "<group>"; };
		FFD7D9FB22B3A7A500FBA008 /* ExchangeViewController.swift */ = {isa = PBXFileReference; lastKnownFileType = sourcecode.swift; path = ExchangeViewController.swift; sourceTree = "<group>"; };
		FFD7D9FD22B3A7C300FBA008 /* TranslateViewController.swift */ = {isa = PBXFileReference; lastKnownFileType = sourcecode.swift; path = TranslateViewController.swift; sourceTree = "<group>"; };
		FFD7D9FF22B3A7D700FBA008 /* WeatherViewController.swift */ = {isa = PBXFileReference; lastKnownFileType = sourcecode.swift; path = WeatherViewController.swift; sourceTree = "<group>"; };
		FFD9131222BAF52F00BEAAD9 /* WeatherData.swift */ = {isa = PBXFileReference; lastKnownFileType = sourcecode.swift; path = WeatherData.swift; sourceTree = "<group>"; };
		FFDB705422B559E9004FD4A2 /* ApiKeysManager.swift */ = {isa = PBXFileReference; lastKnownFileType = sourcecode.swift; path = ApiKeysManager.swift; sourceTree = "<group>"; };
		FFDB705722B596CF004FD4A2 /* TranslationData.swift */ = {isa = PBXFileReference; lastKnownFileType = sourcecode.swift; path = TranslationData.swift; sourceTree = "<group>"; };
		FFDB705922B5970E004FD4A2 /* TranslationSymbols.swift */ = {isa = PBXFileReference; lastKnownFileType = sourcecode.swift; path = TranslationSymbols.swift; sourceTree = "<group>"; };
		FFDB705B22B599E0004FD4A2 /* TranslationService.swift */ = {isa = PBXFileReference; lastKnownFileType = sourcecode.swift; path = TranslationService.swift; sourceTree = "<group>"; };
		FFE5268622CA235F00943186 /* UIViewController.swift */ = {isa = PBXFileReference; lastKnownFileType = sourcecode.swift; path = UIViewController.swift; sourceTree = "<group>"; };
		FFE5268C22CA6C9E00943186 /* BaluchonTests.xctest */ = {isa = PBXFileReference; explicitFileType = wrapper.cfbundle; includeInIndex = 0; path = BaluchonTests.xctest; sourceTree = BUILT_PRODUCTS_DIR; };
		FFE5269022CA6C9E00943186 /* Info.plist */ = {isa = PBXFileReference; lastKnownFileType = text.plist.xml; path = Info.plist; sourceTree = "<group>"; };
		FFED6B1822B3C2910045BC38 /* ExchangeSymbols.json */ = {isa = PBXFileReference; fileEncoding = 4; lastKnownFileType = text.json; path = ExchangeSymbols.json; sourceTree = "<group>"; };
		FFED6B1A22B3C31E0045BC38 /* Exchange.json */ = {isa = PBXFileReference; fileEncoding = 4; lastKnownFileType = text.json; path = Exchange.json; sourceTree = "<group>"; };
		FFED6B1C22B3C3520045BC38 /* Exchange.swift */ = {isa = PBXFileReference; lastKnownFileType = sourcecode.swift; path = Exchange.swift; sourceTree = "<group>"; };
		FFED6B1F22B3C37B0045BC38 /* ExchangeService.swift */ = {isa = PBXFileReference; lastKnownFileType = sourcecode.swift; path = ExchangeService.swift; sourceTree = "<group>"; };
		FFED6B2122B3C3A60045BC38 /* ExchangeSymbols.swift */ = {isa = PBXFileReference; lastKnownFileType = sourcecode.swift; path = ExchangeSymbols.swift; sourceTree = "<group>"; };
		FFED6B3B22B3CCD80045BC38 /* ExchangeFakeResponseData.swift */ = {isa = PBXFileReference; lastKnownFileType = sourcecode.swift; path = ExchangeFakeResponseData.swift; sourceTree = "<group>"; };
/* End PBXFileReference section */

/* Begin PBXFrameworksBuildPhase section */
		FFD7D9CF22B3A54A00FBA008 /* Frameworks */ = {
			isa = PBXFrameworksBuildPhase;
			buildActionMask = 2147483647;
			files = (
			);
			runOnlyForDeploymentPostprocessing = 0;
		};
		FFE5268922CA6C9E00943186 /* Frameworks */ = {
			isa = PBXFrameworksBuildPhase;
			buildActionMask = 2147483647;
			files = (
			);
			runOnlyForDeploymentPostprocessing = 0;
		};
/* End PBXFrameworksBuildPhase section */

/* Begin PBXGroup section */
		FF12DBB222B9047C00F29890 /* Weather */ = {
			isa = PBXGroup;
			children = (
				FFD9131222BAF52F00BEAAD9 /* WeatherData.swift */,
				FF12DBB322B934F800F29890 /* WeatherService.swift */,
			);
			path = Weather;
			sourceTree = "<group>";
		};
		FF5A689122C3861F00BDCE77 /* WeatherTestCase */ = {
			isa = PBXGroup;
			children = (
				FF5A689222C3861F00BDCE77 /* WeatherTestCase.swift */,
				FF5A689A22C3866200BDCE77 /* Weather.json */,
				FF5A689C22C3867E00BDCE77 /* WeatherFakeResponseData.swift */,
			);
			path = WeatherTestCase;
			sourceTree = "<group>";
		};
		FF5CC25022B3FA5D0020EB40 /* ExchangeTestCase */ = {
			isa = PBXGroup;
			children = (
				FFED6B1822B3C2910045BC38 /* ExchangeSymbols.json */,
				FFED6B3B22B3CCD80045BC38 /* ExchangeFakeResponseData.swift */,
				FFED6B1A22B3C31E0045BC38 /* Exchange.json */,
				FF5CC25122B3FA5D0020EB40 /* ExchangeTestCase.swift */,
			);
			path = ExchangeTestCase;
			sourceTree = "<group>";
		};
		FFA4ACE422C10646008353CC /* TranslationTestCase */ = {
			isa = PBXGroup;
			children = (
				FFA4ACED22C109A2008353CC /* Translation.json */,
				FFA4ACEF22C109DB008353CC /* Languages.json */,
				FFA4ACF122C10A37008353CC /* TranslationFakeResponseData.swift */,
				FFA4ACE522C10646008353CC /* TranslationTestCase.swift */,
			);
			path = TranslationTestCase;
			sourceTree = "<group>";
		};
		FFD7D9C922B3A54A00FBA008 = {
			isa = PBXGroup;
			children = (
				FFD7D9D422B3A54A00FBA008 /* Baluchon */,
				FFE5268D22CA6C9E00943186 /* BaluchonTests */,
				FFD7D9D322B3A54A00FBA008 /* Products */,
			);
			sourceTree = "<group>";
		};
		FFD7D9D322B3A54A00FBA008 /* Products */ = {
			isa = PBXGroup;
			children = (
				FFD7D9D222B3A54A00FBA008 /* Baluchon.app */,
				FFE5268C22CA6C9E00943186 /* BaluchonTests.xctest */,
			);
			name = Products;
			sourceTree = "<group>";
		};
		FFD7D9D422B3A54A00FBA008 /* Baluchon */ = {
			isa = PBXGroup;
			children = (
				FFD7D9FA22B3A72400FBA008 /* Model */,
				FFED6B1722B3BAB40045BC38 /* View */,
				FFD7D9F922B3A6F300FBA008 /* Controller */,
				FFE5268522CA234700943186 /* Extensions */,
				FFD7D9F522B3A6A800FBA008 /* ApiKeys.plist */,
				FFDB705422B559E9004FD4A2 /* ApiKeysManager.swift */,
				FFD7D9E122B3A54B00FBA008 /* Info.plist */,
				FFD7D9D522B3A54A00FBA008 /* AppDelegate.swift */,
				FFD7D9DC22B3A54B00FBA008 /* Assets.xcassets */,
				FFD7D9DE22B3A54B00FBA008 /* LaunchScreen.storyboard */,
			);
			path = Baluchon;
			sourceTree = "<group>";
		};
		FFD7D9F922B3A6F300FBA008 /* Controller */ = {
			isa = PBXGroup;
			children = (
				FFD7D9FB22B3A7A500FBA008 /* ExchangeViewController.swift */,
				FFD7D9FD22B3A7C300FBA008 /* TranslateViewController.swift */,
				FFD7D9FF22B3A7D700FBA008 /* WeatherViewController.swift */,
			);
			path = Controller;
			sourceTree = "<group>";
		};
		FFD7D9FA22B3A72400FBA008 /* Model */ = {
			isa = PBXGroup;
			children = (
				FFED6B1E22B3C35D0045BC38 /* Exchange */,
				FFDB705622B59678004FD4A2 /* Translation */,
				FF12DBB222B9047C00F29890 /* Weather */,
			);
			path = Model;
			sourceTree = "<group>";
		};
		FFDB705622B59678004FD4A2 /* Translation */ = {
			isa = PBXGroup;
			children = (
				FFDB705722B596CF004FD4A2 /* TranslationData.swift */,
				FFDB705922B5970E004FD4A2 /* TranslationSymbols.swift */,
				FFDB705B22B599E0004FD4A2 /* TranslationService.swift */,
			);
			path = Translation;
			sourceTree = "<group>";
		};
		FFE5268522CA234700943186 /* Extensions */ = {
			isa = PBXGroup;
			children = (
				FFE5268622CA235F00943186 /* UIViewController.swift */,
			);
			path = Extensions;
			sourceTree = "<group>";
		};
		FFE5268D22CA6C9E00943186 /* BaluchonTests */ = {
			isa = PBXGroup;
			children = (
				FF5A688A22C37B9E00BDCE77 /* URLSessionFake.swift */,
				FF5CC25022B3FA5D0020EB40 /* ExchangeTestCase */,
				FFA4ACE422C10646008353CC /* TranslationTestCase */,
				FF5A689122C3861F00BDCE77 /* WeatherTestCase */,
				FFE5269022CA6C9E00943186 /* Info.plist */,
			);
			path = BaluchonTests;
			sourceTree = "<group>";
		};
		FFED6B1722B3BAB40045BC38 /* View */ = {
			isa = PBXGroup;
			children = (
				FFD7D9D922B3A54A00FBA008 /* Main.storyboard */,
			);
			path = View;
			sourceTree = "<group>";
		};
		FFED6B1E22B3C35D0045BC38 /* Exchange */ = {
			isa = PBXGroup;
			children = (
				FFED6B1C22B3C3520045BC38 /* Exchange.swift */,
				FFED6B2122B3C3A60045BC38 /* ExchangeSymbols.swift */,
				FFED6B1F22B3C37B0045BC38 /* ExchangeService.swift */,
			);
			path = Exchange;
			sourceTree = "<group>";
		};
/* End PBXGroup section */

/* Begin PBXNativeTarget section */
		FFD7D9D122B3A54A00FBA008 /* Baluchon */ = {
			isa = PBXNativeTarget;
			buildConfigurationList = FFD7D9EF22B3A54B00FBA008 /* Build configuration list for PBXNativeTarget "Baluchon" */;
			buildPhases = (
				FFD7D9CE22B3A54A00FBA008 /* Sources */,
				FFD7D9CF22B3A54A00FBA008 /* Frameworks */,
				FFD7D9D022B3A54A00FBA008 /* Resources */,
			);
			buildRules = (
			);
			dependencies = (
			);
			name = Baluchon;
			productName = baluchon;
			productReference = FFD7D9D222B3A54A00FBA008 /* Baluchon.app */;
			productType = "com.apple.product-type.application";
		};
		FFE5268B22CA6C9E00943186 /* BaluchonTests */ = {
			isa = PBXNativeTarget;
			buildConfigurationList = FFE5269322CA6C9E00943186 /* Build configuration list for PBXNativeTarget "BaluchonTests" */;
			buildPhases = (
				FFE5268822CA6C9E00943186 /* Sources */,
				FFE5268922CA6C9E00943186 /* Frameworks */,
				FFE5268A22CA6C9E00943186 /* Resources */,
			);
			buildRules = (
			);
			dependencies = (
				FFE5269222CA6C9E00943186 /* PBXTargetDependency */,
			);
			name = BaluchonTests;
			productName = BaluchonTests;
			productReference = FFE5268C22CA6C9E00943186 /* BaluchonTests.xctest */;
			productType = "com.apple.product-type.bundle.unit-test";
		};
/* End PBXNativeTarget section */

/* Begin PBXProject section */
		FFD7D9CA22B3A54A00FBA008 /* Project object */ = {
			isa = PBXProject;
			attributes = {
				LastSwiftUpdateCheck = 1020;
				LastUpgradeCheck = 1020;
				ORGANIZATIONNAME = "Jordan MOREAU";
				TargetAttributes = {
					FFD7D9D122B3A54A00FBA008 = {
						CreatedOnToolsVersion = 10.2.1;
					};
					FFE5268B22CA6C9E00943186 = {
						CreatedOnToolsVersion = 10.2.1;
						TestTargetID = FFD7D9D122B3A54A00FBA008;
					};
				};
			};
			buildConfigurationList = FFD7D9CD22B3A54A00FBA008 /* Build configuration list for PBXProject "Baluchon" */;
			compatibilityVersion = "Xcode 9.3";
			developmentRegion = en;
			hasScannedForEncodings = 0;
			knownRegions = (
				en,
				Base,
			);
			mainGroup = FFD7D9C922B3A54A00FBA008;
			productRefGroup = FFD7D9D322B3A54A00FBA008 /* Products */;
			projectDirPath = "";
			projectRoot = "";
			targets = (
				FFD7D9D122B3A54A00FBA008 /* Baluchon */,
				FFE5268B22CA6C9E00943186 /* BaluchonTests */,
			);
		};
/* End PBXProject section */

/* Begin PBXResourcesBuildPhase section */
		FFD7D9D022B3A54A00FBA008 /* Resources */ = {
			isa = PBXResourcesBuildPhase;
			buildActionMask = 2147483647;
			files = (
				FFD7D9E022B3A54B00FBA008 /* LaunchScreen.storyboard in Resources */,
				FFD7D9F622B3A6A800FBA008 /* ApiKeys.plist in Resources */,
				FFD7D9DD22B3A54B00FBA008 /* Assets.xcassets in Resources */,
				FFD7D9DB22B3A54A00FBA008 /* Main.storyboard in Resources */,
			);
			runOnlyForDeploymentPostprocessing = 0;
		};
		FFE5268A22CA6C9E00943186 /* Resources */ = {
			isa = PBXResourcesBuildPhase;
			buildActionMask = 2147483647;
			files = (
				FFE526A122CA6D5300943186 /* Exchange.json in Resources */,
				FFE526A422CA6D5D00943186 /* ExchangeSymbols.json in Resources */,
				FFE5269B22CA6D2A00943186 /* Weather.json in Resources */,
				FFE5269E22CA6D4300943186 /* Languages.json in Resources */,
				FFE5269F22CA6D4500943186 /* Translation.json in Resources */,
			);
			runOnlyForDeploymentPostprocessing = 0;
		};
/* End PBXResourcesBuildPhase section */

/* Begin PBXSourcesBuildPhase section */
		FFD7D9CE22B3A54A00FBA008 /* Sources */ = {
			isa = PBXSourcesBuildPhase;
			buildActionMask = 2147483647;
			files = (
				FFE5268722CA235F00943186 /* UIViewController.swift in Sources */,
				FFDB705C22B599E0004FD4A2 /* TranslationService.swift in Sources */,
				FFD7D9D622B3A54A00FBA008 /* AppDelegate.swift in Sources */,
				FFD7DA0022B3A7D700FBA008 /* WeatherViewController.swift in Sources */,
				FFDB705822B596CF004FD4A2 /* TranslationData.swift in Sources */,
				FF12DBB422B934F800F29890 /* WeatherService.swift in Sources */,
				FFED6B2422B3C3C80045BC38 /* ExchangeService.swift in Sources */,
				FFD7D9FC22B3A7A500FBA008 /* ExchangeViewController.swift in Sources */,
				FFDB705A22B5970E004FD4A2 /* TranslationSymbols.swift in Sources */,
				FFED6B2322B3C3C30045BC38 /* ExchangeSymbols.swift in Sources */,
				FFD7D9FE22B3A7C300FBA008 /* TranslateViewController.swift in Sources */,
				FFDB705522B559E9004FD4A2 /* ApiKeysManager.swift in Sources */,
				FFED6B2522B3C3CD0045BC38 /* Exchange.swift in Sources */,
				FFD9131322BAF52F00BEAAD9 /* WeatherData.swift in Sources */,
			);
			runOnlyForDeploymentPostprocessing = 0;
		};
		FFE5268822CA6C9E00943186 /* Sources */ = {
			isa = PBXSourcesBuildPhase;
			buildActionMask = 2147483647;
			files = (
				FFE526A022CA6D5000943186 /* ExchangeTestCase.swift in Sources */,
				FFE5269722CA6D0900943186 /* WeatherTestCase.swift in Sources */,
				FFE526A222CA6D5600943186 /* ExchangeFakeResponseData.swift in Sources */,
				FFE5269C22CA6D3C00943186 /* URLSessionFake.swift in Sources */,
				FFE5269D22CA6D3F00943186 /* TranslationFakeResponseData.swift in Sources */,
				FFE5269A22CA6D2700943186 /* WeatherFakeResponseData.swift in Sources */,
				FFE5269822CA6D1900943186 /* TranslationTestCase.swift in Sources */,
			);
			runOnlyForDeploymentPostprocessing = 0;
		};
/* End PBXSourcesBuildPhase section */

/* Begin PBXTargetDependency section */
		FFE5269222CA6C9E00943186 /* PBXTargetDependency */ = {
			isa = PBXTargetDependency;
			target = FFD7D9D122B3A54A00FBA008 /* Baluchon */;
			targetProxy = FFE5269122CA6C9E00943186 /* PBXContainerItemProxy */;
		};
/* End PBXTargetDependency section */

/* Begin PBXVariantGroup section */
		FFD7D9D922B3A54A00FBA008 /* Main.storyboard */ = {
			isa = PBXVariantGroup;
			children = (
				FFD7D9DA22B3A54A00FBA008 /* Base */,
			);
			name = Main.storyboard;
			sourceTree = "<group>";
		};
		FFD7D9DE22B3A54B00FBA008 /* LaunchScreen.storyboard */ = {
			isa = PBXVariantGroup;
			children = (
				FFD7D9DF22B3A54B00FBA008 /* Base */,
			);
			name = LaunchScreen.storyboard;
			sourceTree = "<group>";
		};
/* End PBXVariantGroup section */

/* Begin XCBuildConfiguration section */
		FFD7D9ED22B3A54B00FBA008 /* Debug */ = {
			isa = XCBuildConfiguration;
			buildSettings = {
				ALWAYS_SEARCH_USER_PATHS = NO;
				CLANG_ANALYZER_NONNULL = YES;
				CLANG_ANALYZER_NUMBER_OBJECT_CONVERSION = YES_AGGRESSIVE;
				CLANG_CXX_LANGUAGE_STANDARD = "gnu++14";
				CLANG_CXX_LIBRARY = "libc++";
				CLANG_ENABLE_MODULES = YES;
				CLANG_ENABLE_OBJC_ARC = YES;
				CLANG_ENABLE_OBJC_WEAK = YES;
				CLANG_WARN_BLOCK_CAPTURE_AUTORELEASING = YES;
				CLANG_WARN_BOOL_CONVERSION = YES;
				CLANG_WARN_COMMA = YES;
				CLANG_WARN_CONSTANT_CONVERSION = YES;
				CLANG_WARN_DEPRECATED_OBJC_IMPLEMENTATIONS = YES;
				CLANG_WARN_DIRECT_OBJC_ISA_USAGE = YES_ERROR;
				CLANG_WARN_DOCUMENTATION_COMMENTS = YES;
				CLANG_WARN_EMPTY_BODY = YES;
				CLANG_WARN_ENUM_CONVERSION = YES;
				CLANG_WARN_INFINITE_RECURSION = YES;
				CLANG_WARN_INT_CONVERSION = YES;
				CLANG_WARN_NON_LITERAL_NULL_CONVERSION = YES;
				CLANG_WARN_OBJC_IMPLICIT_RETAIN_SELF = YES;
				CLANG_WARN_OBJC_LITERAL_CONVERSION = YES;
				CLANG_WARN_OBJC_ROOT_CLASS = YES_ERROR;
				CLANG_WARN_RANGE_LOOP_ANALYSIS = YES;
				CLANG_WARN_STRICT_PROTOTYPES = YES;
				CLANG_WARN_SUSPICIOUS_MOVE = YES;
				CLANG_WARN_UNGUARDED_AVAILABILITY = YES_AGGRESSIVE;
				CLANG_WARN_UNREACHABLE_CODE = YES;
				CLANG_WARN__DUPLICATE_METHOD_MATCH = YES;
				CODE_SIGN_IDENTITY = "iPhone Developer";
				COPY_PHASE_STRIP = NO;
				DEBUG_INFORMATION_FORMAT = dwarf;
				ENABLE_STRICT_OBJC_MSGSEND = YES;
				ENABLE_TESTABILITY = YES;
				GCC_C_LANGUAGE_STANDARD = gnu11;
				GCC_DYNAMIC_NO_PIC = NO;
				GCC_NO_COMMON_BLOCKS = YES;
				GCC_OPTIMIZATION_LEVEL = 0;
				GCC_PREPROCESSOR_DEFINITIONS = (
					"DEBUG=1",
					"$(inherited)",
				);
				GCC_WARN_64_TO_32_BIT_CONVERSION = YES;
				GCC_WARN_ABOUT_RETURN_TYPE = YES_ERROR;
				GCC_WARN_UNDECLARED_SELECTOR = YES;
				GCC_WARN_UNINITIALIZED_AUTOS = YES_AGGRESSIVE;
				GCC_WARN_UNUSED_FUNCTION = YES;
				GCC_WARN_UNUSED_VARIABLE = YES;
				IPHONEOS_DEPLOYMENT_TARGET = 11.0;
				MTL_ENABLE_DEBUG_INFO = INCLUDE_SOURCE;
				MTL_FAST_MATH = YES;
				ONLY_ACTIVE_ARCH = YES;
				SDKROOT = iphoneos;
				SWIFT_ACTIVE_COMPILATION_CONDITIONS = DEBUG;
				SWIFT_OPTIMIZATION_LEVEL = "-Onone";
			};
			name = Debug;
		};
		FFD7D9EE22B3A54B00FBA008 /* Release */ = {
			isa = XCBuildConfiguration;
			buildSettings = {
				ALWAYS_SEARCH_USER_PATHS = NO;
				CLANG_ANALYZER_NONNULL = YES;
				CLANG_ANALYZER_NUMBER_OBJECT_CONVERSION = YES_AGGRESSIVE;
				CLANG_CXX_LANGUAGE_STANDARD = "gnu++14";
				CLANG_CXX_LIBRARY = "libc++";
				CLANG_ENABLE_MODULES = YES;
				CLANG_ENABLE_OBJC_ARC = YES;
				CLANG_ENABLE_OBJC_WEAK = YES;
				CLANG_WARN_BLOCK_CAPTURE_AUTORELEASING = YES;
				CLANG_WARN_BOOL_CONVERSION = YES;
				CLANG_WARN_COMMA = YES;
				CLANG_WARN_CONSTANT_CONVERSION = YES;
				CLANG_WARN_DEPRECATED_OBJC_IMPLEMENTATIONS = YES;
				CLANG_WARN_DIRECT_OBJC_ISA_USAGE = YES_ERROR;
				CLANG_WARN_DOCUMENTATION_COMMENTS = YES;
				CLANG_WARN_EMPTY_BODY = YES;
				CLANG_WARN_ENUM_CONVERSION = YES;
				CLANG_WARN_INFINITE_RECURSION = YES;
				CLANG_WARN_INT_CONVERSION = YES;
				CLANG_WARN_NON_LITERAL_NULL_CONVERSION = YES;
				CLANG_WARN_OBJC_IMPLICIT_RETAIN_SELF = YES;
				CLANG_WARN_OBJC_LITERAL_CONVERSION = YES;
				CLANG_WARN_OBJC_ROOT_CLASS = YES_ERROR;
				CLANG_WARN_RANGE_LOOP_ANALYSIS = YES;
				CLANG_WARN_STRICT_PROTOTYPES = YES;
				CLANG_WARN_SUSPICIOUS_MOVE = YES;
				CLANG_WARN_UNGUARDED_AVAILABILITY = YES_AGGRESSIVE;
				CLANG_WARN_UNREACHABLE_CODE = YES;
				CLANG_WARN__DUPLICATE_METHOD_MATCH = YES;
				CODE_SIGN_IDENTITY = "iPhone Developer";
				COPY_PHASE_STRIP = NO;
				DEBUG_INFORMATION_FORMAT = "dwarf-with-dsym";
				ENABLE_NS_ASSERTIONS = NO;
				ENABLE_STRICT_OBJC_MSGSEND = YES;
				GCC_C_LANGUAGE_STANDARD = gnu11;
				GCC_NO_COMMON_BLOCKS = YES;
				GCC_WARN_64_TO_32_BIT_CONVERSION = YES;
				GCC_WARN_ABOUT_RETURN_TYPE = YES_ERROR;
				GCC_WARN_UNDECLARED_SELECTOR = YES;
				GCC_WARN_UNINITIALIZED_AUTOS = YES_AGGRESSIVE;
				GCC_WARN_UNUSED_FUNCTION = YES;
				GCC_WARN_UNUSED_VARIABLE = YES;
				IPHONEOS_DEPLOYMENT_TARGET = 11.0;
				MTL_ENABLE_DEBUG_INFO = NO;
				MTL_FAST_MATH = YES;
				SDKROOT = iphoneos;
				SWIFT_COMPILATION_MODE = wholemodule;
				SWIFT_OPTIMIZATION_LEVEL = "-O";
				VALIDATE_PRODUCT = YES;
			};
			name = Release;
		};
		FFD7D9F022B3A54B00FBA008 /* Debug */ = {
			isa = XCBuildConfiguration;
			buildSettings = {
				ASSETCATALOG_COMPILER_APPICON_NAME = AppIcon;
				CODE_SIGN_STYLE = Automatic;
				DEVELOPMENT_TEAM = ZC47CUWGGS;
				INFOPLIST_FILE = baluchon/Info.plist;
				LD_RUNPATH_SEARCH_PATHS = (
					"$(inherited)",
					"@executable_path/Frameworks",
				);
				PRODUCT_BUNDLE_IDENTIFIER = com.JordanMoreau.baluchon;
				PRODUCT_NAME = "$(TARGET_NAME)";
				SWIFT_VERSION = 5.0;
				TARGETED_DEVICE_FAMILY = 1;
			};
			name = Debug;
		};
		FFD7D9F122B3A54B00FBA008 /* Release */ = {
			isa = XCBuildConfiguration;
			buildSettings = {
				ASSETCATALOG_COMPILER_APPICON_NAME = AppIcon;
				CODE_SIGN_STYLE = Automatic;
				DEVELOPMENT_TEAM = ZC47CUWGGS;
				INFOPLIST_FILE = baluchon/Info.plist;
				LD_RUNPATH_SEARCH_PATHS = (
					"$(inherited)",
					"@executable_path/Frameworks",
				);
				PRODUCT_BUNDLE_IDENTIFIER = com.JordanMoreau.baluchon;
				PRODUCT_NAME = "$(TARGET_NAME)";
				SWIFT_VERSION = 5.0;
				TARGETED_DEVICE_FAMILY = 1;
			};
			name = Release;
		};
		FFE5269422CA6C9E00943186 /* Debug */ = {
			isa = XCBuildConfiguration;
			buildSettings = {
				BUNDLE_LOADER = "$(TEST_HOST)";
				CODE_SIGN_STYLE = Automatic;
				DEVELOPMENT_TEAM = ZC47CUWGGS;
				INFOPLIST_FILE = BaluchonTests/Info.plist;
				IPHONEOS_DEPLOYMENT_TARGET = 11.0;
				LD_RUNPATH_SEARCH_PATHS = (
					"$(inherited)",
					"@executable_path/Frameworks",
					"@loader_path/Frameworks",
				);
				PRODUCT_BUNDLE_IDENTIFIER = com.JordanMoreau.BaluchonTests;
				PRODUCT_NAME = "$(TARGET_NAME)";
				SWIFT_VERSION = 5.0;
				TARGETED_DEVICE_FAMILY = "1,2";
				TEST_HOST = "$(BUILT_PRODUCTS_DIR)/Baluchon.app/Baluchon";
			};
			name = Debug;
		};
		FFE5269522CA6C9E00943186 /* Release */ = {
			isa = XCBuildConfiguration;
			buildSettings = {
				BUNDLE_LOADER = "$(TEST_HOST)";
				CODE_SIGN_STYLE = Automatic;
				DEVELOPMENT_TEAM = ZC47CUWGGS;
				INFOPLIST_FILE = BaluchonTests/Info.plist;
				IPHONEOS_DEPLOYMENT_TARGET = 11.0;
				LD_RUNPATH_SEARCH_PATHS = (
					"$(inherited)",
					"@executable_path/Frameworks",
					"@loader_path/Frameworks",
				);
				PRODUCT_BUNDLE_IDENTIFIER = com.JordanMoreau.BaluchonTests;
				PRODUCT_NAME = "$(TARGET_NAME)";
				SWIFT_VERSION = 5.0;
				TARGETED_DEVICE_FAMILY = "1,2";
				TEST_HOST = "$(BUILT_PRODUCTS_DIR)/Baluchon.app/Baluchon";
			};
			name = Release;
		};
/* End XCBuildConfiguration section */

/* Begin XCConfigurationList section */
		FFD7D9CD22B3A54A00FBA008 /* Build configuration list for PBXProject "Baluchon" */ = {
			isa = XCConfigurationList;
			buildConfigurations = (
				FFD7D9ED22B3A54B00FBA008 /* Debug */,
				FFD7D9EE22B3A54B00FBA008 /* Release */,
			);
			defaultConfigurationIsVisible = 0;
			defaultConfigurationName = Release;
		};
		FFD7D9EF22B3A54B00FBA008 /* Build configuration list for PBXNativeTarget "Baluchon" */ = {
			isa = XCConfigurationList;
			buildConfigurations = (
				FFD7D9F022B3A54B00FBA008 /* Debug */,
				FFD7D9F122B3A54B00FBA008 /* Release */,
			);
			defaultConfigurationIsVisible = 0;
			defaultConfigurationName = Release;
		};
		FFE5269322CA6C9E00943186 /* Build configuration list for PBXNativeTarget "BaluchonTests" */ = {
			isa = XCConfigurationList;
			buildConfigurations = (
				FFE5269422CA6C9E00943186 /* Debug */,
				FFE5269522CA6C9E00943186 /* Release */,
			);
			defaultConfigurationIsVisible = 0;
			defaultConfigurationName = Release;
		};
/* End XCConfigurationList section */
	};
	rootObject = FFD7D9CA22B3A54A00FBA008 /* Project object */;
}
