// !$*UTF8*$!
{
	archiveVersion = 1;
	classes = {
	};
	objectVersion = 50;
	objects = {

/* Begin PBXBuildFile section */
		FF5CC25222B3FA5D0020EB40 /* ExchangeTest.swift in Sources */ = {isa = PBXBuildFile; fileRef = FF5CC25122B3FA5D0020EB40 /* ExchangeTest.swift */; };
		FF5CC25922B3FA6A0020EB40 /* ExchangeFakeResponseData.swift in Sources */ = {isa = PBXBuildFile; fileRef = FFED6B3B22B3CCD80045BC38 /* ExchangeFakeResponseData.swift */; };
		FF5CC25A22B3FA6D0020EB40 /* URLSessionFake.swift in Sources */ = {isa = PBXBuildFile; fileRef = FFED6B3922B3CC8F0045BC38 /* URLSessionFake.swift */; };
		FF5CC25B22B3FB2E0020EB40 /* Exchange.json in Resources */ = {isa = PBXBuildFile; fileRef = FFED6B1A22B3C31E0045BC38 /* Exchange.json */; };
		FF5CC25C22B3FB360020EB40 /* ExchangeSymbols.json in Resources */ = {isa = PBXBuildFile; fileRef = FFED6B1822B3C2910045BC38 /* ExchangeSymbols.json */; };
		FFD7D9D622B3A54A00FBA008 /* AppDelegate.swift in Sources */ = {isa = PBXBuildFile; fileRef = FFD7D9D522B3A54A00FBA008 /* AppDelegate.swift */; };
		FFD7D9DB22B3A54A00FBA008 /* Main.storyboard in Resources */ = {isa = PBXBuildFile; fileRef = FFD7D9D922B3A54A00FBA008 /* Main.storyboard */; };
		FFD7D9DD22B3A54B00FBA008 /* Assets.xcassets in Resources */ = {isa = PBXBuildFile; fileRef = FFD7D9DC22B3A54B00FBA008 /* Assets.xcassets */; };
		FFD7D9E022B3A54B00FBA008 /* LaunchScreen.storyboard in Resources */ = {isa = PBXBuildFile; fileRef = FFD7D9DE22B3A54B00FBA008 /* LaunchScreen.storyboard */; };
		FFD7D9F622B3A6A800FBA008 /* ApiKeys.plist in Resources */ = {isa = PBXBuildFile; fileRef = FFD7D9F522B3A6A800FBA008 /* ApiKeys.plist */; };
		FFD7D9FC22B3A7A500FBA008 /* ExchangeViewController.swift in Sources */ = {isa = PBXBuildFile; fileRef = FFD7D9FB22B3A7A500FBA008 /* ExchangeViewController.swift */; };
		FFD7D9FE22B3A7C300FBA008 /* TranslateViewController.swift in Sources */ = {isa = PBXBuildFile; fileRef = FFD7D9FD22B3A7C300FBA008 /* TranslateViewController.swift */; };
		FFD7DA0022B3A7D700FBA008 /* WeatherViewController.swift in Sources */ = {isa = PBXBuildFile; fileRef = FFD7D9FF22B3A7D700FBA008 /* WeatherViewController.swift */; };
		FFED6B2322B3C3C30045BC38 /* PickerViewSymbols.swift in Sources */ = {isa = PBXBuildFile; fileRef = FFED6B2122B3C3A60045BC38 /* PickerViewSymbols.swift */; };
		FFED6B2422B3C3C80045BC38 /* ExchangeService.swift in Sources */ = {isa = PBXBuildFile; fileRef = FFED6B1F22B3C37B0045BC38 /* ExchangeService.swift */; };
		FFED6B2522B3C3CD0045BC38 /* Exchange.swift in Sources */ = {isa = PBXBuildFile; fileRef = FFED6B1C22B3C3520045BC38 /* Exchange.swift */; };
/* End PBXBuildFile section */

/* Begin PBXContainerItemProxy section */
		FF5CC25422B3FA5D0020EB40 /* PBXContainerItemProxy */ = {
			isa = PBXContainerItemProxy;
			containerPortal = FFD7D9CA22B3A54A00FBA008 /* Project object */;
			proxyType = 1;
			remoteGlobalIDString = FFD7D9D122B3A54A00FBA008;
			remoteInfo = Baluchon;
		};
/* End PBXContainerItemProxy section */

/* Begin PBXFileReference section */
		FF5CC24F22B3FA5D0020EB40 /* ExchangeTest.xctest */ = {isa = PBXFileReference; explicitFileType = wrapper.cfbundle; includeInIndex = 0; path = ExchangeTest.xctest; sourceTree = BUILT_PRODUCTS_DIR; };
		FF5CC25122B3FA5D0020EB40 /* ExchangeTest.swift */ = {isa = PBXFileReference; lastKnownFileType = sourcecode.swift; path = ExchangeTest.swift; sourceTree = "<group>"; };
		FF5CC25322B3FA5D0020EB40 /* Info.plist */ = {isa = PBXFileReference; lastKnownFileType = text.plist.xml; path = Info.plist; sourceTree = "<group>"; };
		FFD7D9D222B3A54A00FBA008 /* Baluchon.app */ = {isa = PBXFileReference; explicitFileType = wrapper.application; includeInIndex = 0; path = Baluchon.app; sourceTree = BUILT_PRODUCTS_DIR; };
		FFD7D9D522B3A54A00FBA008 /* AppDelegate.swift */ = {isa = PBXFileReference; lastKnownFileType = sourcecode.swift; path = AppDelegate.swift; sourceTree = "<group>"; };
		FFD7D9DA22B3A54A00FBA008 /* Base */ = {isa = PBXFileReference; lastKnownFileType = file.storyboard; name = Base; path = Base.lproj/Main.storyboard; sourceTree = "<group>"; };
		FFD7D9DC22B3A54B00FBA008 /* Assets.xcassets */ = {isa = PBXFileReference; lastKnownFileType = folder.assetcatalog; path = Assets.xcassets; sourceTree = "<group>"; };
		FFD7D9DF22B3A54B00FBA008 /* Base */ = {isa = PBXFileReference; lastKnownFileType = file.storyboard; name = Base; path = Base.lproj/LaunchScreen.storyboard; sourceTree = "<group>"; };
		FFD7D9E122B3A54B00FBA008 /* Info.plist */ = {isa = PBXFileReference; lastKnownFileType = text.plist.xml; path = Info.plist; sourceTree = "<group>"; };
		FFD7D9F522B3A6A800FBA008 /* ApiKeys.plist */ = {isa = PBXFileReference; lastKnownFileType = text.plist.xml; path = ApiKeys.plist; sourceTree = "<group>"; };
		FFD7D9FB22B3A7A500FBA008 /* ExchangeViewController.swift */ = {isa = PBXFileReference; lastKnownFileType = sourcecode.swift; path = ExchangeViewController.swift; sourceTree = "<group>"; };
		FFD7D9FD22B3A7C300FBA008 /* TranslateViewController.swift */ = {isa = PBXFileReference; lastKnownFileType = sourcecode.swift; path = TranslateViewController.swift; sourceTree = "<group>"; };
		FFD7D9FF22B3A7D700FBA008 /* WeatherViewController.swift */ = {isa = PBXFileReference; lastKnownFileType = sourcecode.swift; path = WeatherViewController.swift; sourceTree = "<group>"; };
		FFED6B1822B3C2910045BC38 /* ExchangeSymbols.json */ = {isa = PBXFileReference; fileEncoding = 4; lastKnownFileType = text.json; path = ExchangeSymbols.json; sourceTree = "<group>"; };
		FFED6B1A22B3C31E0045BC38 /* Exchange.json */ = {isa = PBXFileReference; fileEncoding = 4; lastKnownFileType = text.json; path = Exchange.json; sourceTree = "<group>"; };
		FFED6B1C22B3C3520045BC38 /* Exchange.swift */ = {isa = PBXFileReference; lastKnownFileType = sourcecode.swift; path = Exchange.swift; sourceTree = "<group>"; };
		FFED6B1F22B3C37B0045BC38 /* ExchangeService.swift */ = {isa = PBXFileReference; lastKnownFileType = sourcecode.swift; path = ExchangeService.swift; sourceTree = "<group>"; };
		FFED6B2122B3C3A60045BC38 /* PickerViewSymbols.swift */ = {isa = PBXFileReference; lastKnownFileType = sourcecode.swift; path = PickerViewSymbols.swift; sourceTree = "<group>"; };
		FFED6B3922B3CC8F0045BC38 /* URLSessionFake.swift */ = {isa = PBXFileReference; lastKnownFileType = sourcecode.swift; path = URLSessionFake.swift; sourceTree = "<group>"; };
		FFED6B3B22B3CCD80045BC38 /* ExchangeFakeResponseData.swift */ = {isa = PBXFileReference; lastKnownFileType = sourcecode.swift; path = ExchangeFakeResponseData.swift; sourceTree = "<group>"; };
/* End PBXFileReference section */

/* Begin PBXFrameworksBuildPhase section */
		FF5CC24C22B3FA5D0020EB40 /* Frameworks */ = {
			isa = PBXFrameworksBuildPhase;
			buildActionMask = 2147483647;
			files = (
			);
			runOnlyForDeploymentPostprocessing = 0;
		};
		FFD7D9CF22B3A54A00FBA008 /* Frameworks */ = {
			isa = PBXFrameworksBuildPhase;
			buildActionMask = 2147483647;
			files = (
			);
			runOnlyForDeploymentPostprocessing = 0;
		};
/* End PBXFrameworksBuildPhase section */

/* Begin PBXGroup section */
		FF5CC25022B3FA5D0020EB40 /* ExchangeTest */ = {
			isa = PBXGroup;
			children = (
				FFED6B1822B3C2910045BC38 /* ExchangeSymbols.json */,
				FFED6B3922B3CC8F0045BC38 /* URLSessionFake.swift */,
				FFED6B3B22B3CCD80045BC38 /* ExchangeFakeResponseData.swift */,
				FFED6B1A22B3C31E0045BC38 /* Exchange.json */,
				FF5CC25122B3FA5D0020EB40 /* ExchangeTest.swift */,
				FF5CC25322B3FA5D0020EB40 /* Info.plist */,
			);
			path = ExchangeTest;
			sourceTree = "<group>";
		};
		FFD7D9C922B3A54A00FBA008 = {
			isa = PBXGroup;
			children = (
				FFD7D9D422B3A54A00FBA008 /* Baluchon */,
				FF5CC25022B3FA5D0020EB40 /* ExchangeTest */,
				FFD7D9D322B3A54A00FBA008 /* Products */,
			);
			sourceTree = "<group>";
		};
		FFD7D9D322B3A54A00FBA008 /* Products */ = {
			isa = PBXGroup;
			children = (
				FFD7D9D222B3A54A00FBA008 /* Baluchon.app */,
				FF5CC24F22B3FA5D0020EB40 /* ExchangeTest.xctest */,
			);
			name = Products;
			sourceTree = "<group>";
		};
		FFD7D9D422B3A54A00FBA008 /* Baluchon */ = {
			isa = PBXGroup;
			children = (
				FFD7D9F522B3A6A800FBA008 /* ApiKeys.plist */,
				FFD7D9E122B3A54B00FBA008 /* Info.plist */,
				FFD7D9D522B3A54A00FBA008 /* AppDelegate.swift */,
				FFD7D9DC22B3A54B00FBA008 /* Assets.xcassets */,
				FFD7D9DE22B3A54B00FBA008 /* LaunchScreen.storyboard */,
				FFD7D9FA22B3A72400FBA008 /* Model */,
				FFED6B1722B3BAB40045BC38 /* View */,
				FFD7D9F922B3A6F300FBA008 /* Controller */,
			);
			path = Baluchon;
			sourceTree = "<group>";
		};
		FFD7D9F922B3A6F300FBA008 /* Controller */ = {
			isa = PBXGroup;
			children = (
				FFD7D9FB22B3A7A500FBA008 /* ExchangeViewController.swift */,
				FFD7D9FD22B3A7C300FBA008 /* TranslateViewController.swift */,
				FFD7D9FF22B3A7D700FBA008 /* WeatherViewController.swift */,
			);
			path = Controller;
			sourceTree = "<group>";
		};
		FFD7D9FA22B3A72400FBA008 /* Model */ = {
			isa = PBXGroup;
			children = (
				FFED6B1E22B3C35D0045BC38 /* Exchange */,
			);
			path = Model;
			sourceTree = "<group>";
		};
		FFED6B1722B3BAB40045BC38 /* View */ = {
			isa = PBXGroup;
			children = (
				FFD7D9D922B3A54A00FBA008 /* Main.storyboard */,
			);
			path = View;
			sourceTree = "<group>";
		};
		FFED6B1E22B3C35D0045BC38 /* Exchange */ = {
			isa = PBXGroup;
			children = (
				FFED6B1C22B3C3520045BC38 /* Exchange.swift */,
				FFED6B1F22B3C37B0045BC38 /* ExchangeService.swift */,
				FFED6B2122B3C3A60045BC38 /* PickerViewSymbols.swift */,
			);
			path = Exchange;
			sourceTree = "<group>";
		};
/* End PBXGroup section */

/* Begin PBXNativeTarget section */
		FF5CC24E22B3FA5D0020EB40 /* ExchangeTest */ = {
			isa = PBXNativeTarget;
			buildConfigurationList = FF5CC25622B3FA5D0020EB40 /* Build configuration list for PBXNativeTarget "ExchangeTest" */;
			buildPhases = (
				FF5CC24B22B3FA5D0020EB40 /* Sources */,
				FF5CC24C22B3FA5D0020EB40 /* Frameworks */,
				FF5CC24D22B3FA5D0020EB40 /* Resources */,
			);
			buildRules = (
			);
			dependencies = (
				FF5CC25522B3FA5D0020EB40 /* PBXTargetDependency */,
			);
			name = ExchangeTest;
			productName = ExchangeTest;
			productReference = FF5CC24F22B3FA5D0020EB40 /* ExchangeTest.xctest */;
			productType = "com.apple.product-type.bundle.unit-test";
		};
		FFD7D9D122B3A54A00FBA008 /* Baluchon */ = {
			isa = PBXNativeTarget;
			buildConfigurationList = FFD7D9EF22B3A54B00FBA008 /* Build configuration list for PBXNativeTarget "Baluchon" */;
			buildPhases = (
				FFD7D9CE22B3A54A00FBA008 /* Sources */,
				FFD7D9CF22B3A54A00FBA008 /* Frameworks */,
				FFD7D9D022B3A54A00FBA008 /* Resources */,
			);
			buildRules = (
			);
			dependencies = (
			);
			name = Baluchon;
			productName = baluchon;
			productReference = FFD7D9D222B3A54A00FBA008 /* Baluchon.app */;
			productType = "com.apple.product-type.application";
		};
/* End PBXNativeTarget section */

/* Begin PBXProject section */
		FFD7D9CA22B3A54A00FBA008 /* Project object */ = {
			isa = PBXProject;
			attributes = {
				LastSwiftUpdateCheck = 1020;
				LastUpgradeCheck = 1020;
				ORGANIZATIONNAME = "Jordan MOREAU";
				TargetAttributes = {
					FF5CC24E22B3FA5D0020EB40 = {
						CreatedOnToolsVersion = 10.2.1;
						TestTargetID = FFD7D9D122B3A54A00FBA008;
					};
					FFD7D9D122B3A54A00FBA008 = {
						CreatedOnToolsVersion = 10.2.1;
					};
				};
			};
			buildConfigurationList = FFD7D9CD22B3A54A00FBA008 /* Build configuration list for PBXProject "Baluchon" */;
			compatibilityVersion = "Xcode 9.3";
			developmentRegion = en;
			hasScannedForEncodings = 0;
			knownRegions = (
				en,
				Base,
			);
			mainGroup = FFD7D9C922B3A54A00FBA008;
			productRefGroup = FFD7D9D322B3A54A00FBA008 /* Products */;
			projectDirPath = "";
			projectRoot = "";
			targets = (
				FFD7D9D122B3A54A00FBA008 /* Baluchon */,
				FF5CC24E22B3FA5D0020EB40 /* ExchangeTest */,
			);
		};
/* End PBXProject section */

/* Begin PBXResourcesBuildPhase section */
		FF5CC24D22B3FA5D0020EB40 /* Resources */ = {
			isa = PBXResourcesBuildPhase;
			buildActionMask = 2147483647;
			files = (
				FF5CC25C22B3FB360020EB40 /* ExchangeSymbols.json in Resources */,
				FF5CC25B22B3FB2E0020EB40 /* Exchange.json in Resources */,
			);
			runOnlyForDeploymentPostprocessing = 0;
		};
		FFD7D9D022B3A54A00FBA008 /* Resources */ = {
			isa = PBXResourcesBuildPhase;
			buildActionMask = 2147483647;
			files = (
				FFD7D9E022B3A54B00FBA008 /* LaunchScreen.storyboard in Resources */,
				FFD7D9F622B3A6A800FBA008 /* ApiKeys.plist in Resources */,
				FFD7D9DD22B3A54B00FBA008 /* Assets.xcassets in Resources */,
				FFD7D9DB22B3A54A00FBA008 /* Main.storyboard in Resources */,
			);
			runOnlyForDeploymentPostprocessing = 0;
		};
/* End PBXResourcesBuildPhase section */

/* Begin PBXSourcesBuildPhase section */
		FF5CC24B22B3FA5D0020EB40 /* Sources */ = {
			isa = PBXSourcesBuildPhase;
			buildActionMask = 2147483647;
			files = (
				FF5CC25922B3FA6A0020EB40 /* ExchangeFakeResponseData.swift in Sources */,
				FF5CC25A22B3FA6D0020EB40 /* URLSessionFake.swift in Sources */,
				FF5CC25222B3FA5D0020EB40 /* ExchangeTest.swift in Sources */,
			);
			runOnlyForDeploymentPostprocessing = 0;
		};
		FFD7D9CE22B3A54A00FBA008 /* Sources */ = {
			isa = PBXSourcesBuildPhase;
			buildActionMask = 2147483647;
			files = (
				FFD7D9D622B3A54A00FBA008 /* AppDelegate.swift in Sources */,
				FFD7DA0022B3A7D700FBA008 /* WeatherViewController.swift in Sources */,
				FFED6B2422B3C3C80045BC38 /* ExchangeService.swift in Sources */,
				FFD7D9FC22B3A7A500FBA008 /* ExchangeViewController.swift in Sources */,
				FFED6B2322B3C3C30045BC38 /* PickerViewSymbols.swift in Sources */,
				FFD7D9FE22B3A7C300FBA008 /* TranslateViewController.swift in Sources */,
				FFED6B2522B3C3CD0045BC38 /* Exchange.swift in Sources */,
			);
			runOnlyForDeploymentPostprocessing = 0;
		};
/* End PBXSourcesBuildPhase section */

/* Begin PBXTargetDependency section */
		FF5CC25522B3FA5D0020EB40 /* PBXTargetDependency */ = {
			isa = PBXTargetDependency;
			target = FFD7D9D122B3A54A00FBA008 /* Baluchon */;
			targetProxy = FF5CC25422B3FA5D0020EB40 /* PBXContainerItemProxy */;
		};
/* End PBXTargetDependency section */

/* Begin PBXVariantGroup section */
		FFD7D9D922B3A54A00FBA008 /* Main.storyboard */ = {
			isa = PBXVariantGroup;
			children = (
				FFD7D9DA22B3A54A00FBA008 /* Base */,
			);
			name = Main.storyboard;
			sourceTree = "<group>";
		};
		FFD7D9DE22B3A54B00FBA008 /* LaunchScreen.storyboard */ = {
			isa = PBXVariantGroup;
			children = (
				FFD7D9DF22B3A54B00FBA008 /* Base */,
			);
			name = LaunchScreen.storyboard;
			sourceTree = "<group>";
		};
/* End PBXVariantGroup section */

/* Begin XCBuildConfiguration section */
		FF5CC25722B3FA5D0020EB40 /* Debug */ = {
			isa = XCBuildConfiguration;
			buildSettings = {
				BUNDLE_LOADER = "$(TEST_HOST)";
				CODE_SIGN_STYLE = Automatic;
				DEVELOPMENT_TEAM = ZC47CUWGGS;
				INFOPLIST_FILE = ExchangeTest/Info.plist;
				IPHONEOS_DEPLOYMENT_TARGET = 11.0;
				LD_RUNPATH_SEARCH_PATHS = (
					"$(inherited)",
					"@executable_path/Frameworks",
					"@loader_path/Frameworks",
				);
				PRODUCT_BUNDLE_IDENTIFIER = com.JordanMoreau.ExchangeTest;
				PRODUCT_NAME = "$(TARGET_NAME)";
				SWIFT_VERSION = 5.0;
				TARGETED_DEVICE_FAMILY = "1,2";
				TEST_HOST = "$(BUILT_PRODUCTS_DIR)/Baluchon.app/Baluchon";
			};
			name = Debug;
		};
		FF5CC25822B3FA5D0020EB40 /* Release */ = {
			isa = XCBuildConfiguration;
			buildSettings = {
				BUNDLE_LOADER = "$(TEST_HOST)";
				CODE_SIGN_STYLE = Automatic;
				DEVELOPMENT_TEAM = ZC47CUWGGS;
				INFOPLIST_FILE = ExchangeTest/Info.plist;
				IPHONEOS_DEPLOYMENT_TARGET = 11.0;
				LD_RUNPATH_SEARCH_PATHS = (
					"$(inherited)",
					"@executable_path/Frameworks",
					"@loader_path/Frameworks",
				);
				PRODUCT_BUNDLE_IDENTIFIER = com.JordanMoreau.ExchangeTest;
				PRODUCT_NAME = "$(TARGET_NAME)";
				SWIFT_VERSION = 5.0;
				TARGETED_DEVICE_FAMILY = "1,2";
				TEST_HOST = "$(BUILT_PRODUCTS_DIR)/Baluchon.app/Baluchon";
			};
			name = Release;
		};
		FFD7D9ED22B3A54B00FBA008 /* Debug */ = {
			isa = XCBuildConfiguration;
			buildSettings = {
				ALWAYS_SEARCH_USER_PATHS = NO;
				CLANG_ANALYZER_NONNULL = YES;
				CLANG_ANALYZER_NUMBER_OBJECT_CONVERSION = YES_AGGRESSIVE;
				CLANG_CXX_LANGUAGE_STANDARD = "gnu++14";
				CLANG_CXX_LIBRARY = "libc++";
				CLANG_ENABLE_MODULES = YES;
				CLANG_ENABLE_OBJC_ARC = YES;
				CLANG_ENABLE_OBJC_WEAK = YES;
				CLANG_WARN_BLOCK_CAPTURE_AUTORELEASING = YES;
				CLANG_WARN_BOOL_CONVERSION = YES;
				CLANG_WARN_COMMA = YES;
				CLANG_WARN_CONSTANT_CONVERSION = YES;
				CLANG_WARN_DEPRECATED_OBJC_IMPLEMENTATIONS = YES;
				CLANG_WARN_DIRECT_OBJC_ISA_USAGE = YES_ERROR;
				CLANG_WARN_DOCUMENTATION_COMMENTS = YES;
				CLANG_WARN_EMPTY_BODY = YES;
				CLANG_WARN_ENUM_CONVERSION = YES;
				CLANG_WARN_INFINITE_RECURSION = YES;
				CLANG_WARN_INT_CONVERSION = YES;
				CLANG_WARN_NON_LITERAL_NULL_CONVERSION = YES;
				CLANG_WARN_OBJC_IMPLICIT_RETAIN_SELF = YES;
				CLANG_WARN_OBJC_LITERAL_CONVERSION = YES;
				CLANG_WARN_OBJC_ROOT_CLASS = YES_ERROR;
				CLANG_WARN_RANGE_LOOP_ANALYSIS = YES;
				CLANG_WARN_STRICT_PROTOTYPES = YES;
				CLANG_WARN_SUSPICIOUS_MOVE = YES;
				CLANG_WARN_UNGUARDED_AVAILABILITY = YES_AGGRESSIVE;
				CLANG_WARN_UNREACHABLE_CODE = YES;
				CLANG_WARN__DUPLICATE_METHOD_MATCH = YES;
				CODE_SIGN_IDENTITY = "iPhone Developer";
				COPY_PHASE_STRIP = NO;
				DEBUG_INFORMATION_FORMAT = dwarf;
				ENABLE_STRICT_OBJC_MSGSEND = YES;
				ENABLE_TESTABILITY = YES;
				GCC_C_LANGUAGE_STANDARD = gnu11;
				GCC_DYNAMIC_NO_PIC = NO;
				GCC_NO_COMMON_BLOCKS = YES;
				GCC_OPTIMIZATION_LEVEL = 0;
				GCC_PREPROCESSOR_DEFINITIONS = (
					"DEBUG=1",
					"$(inherited)",
				);
				GCC_WARN_64_TO_32_BIT_CONVERSION = YES;
				GCC_WARN_ABOUT_RETURN_TYPE = YES_ERROR;
				GCC_WARN_UNDECLARED_SELECTOR = YES;
				GCC_WARN_UNINITIALIZED_AUTOS = YES_AGGRESSIVE;
				GCC_WARN_UNUSED_FUNCTION = YES;
				GCC_WARN_UNUSED_VARIABLE = YES;
				IPHONEOS_DEPLOYMENT_TARGET = 11.0;
				MTL_ENABLE_DEBUG_INFO = INCLUDE_SOURCE;
				MTL_FAST_MATH = YES;
				ONLY_ACTIVE_ARCH = YES;
				SDKROOT = iphoneos;
				SWIFT_ACTIVE_COMPILATION_CONDITIONS = DEBUG;
				SWIFT_OPTIMIZATION_LEVEL = "-Onone";
			};
			name = Debug;
		};
		FFD7D9EE22B3A54B00FBA008 /* Release */ = {
			isa = XCBuildConfiguration;
			buildSettings = {
				ALWAYS_SEARCH_USER_PATHS = NO;
				CLANG_ANALYZER_NONNULL = YES;
				CLANG_ANALYZER_NUMBER_OBJECT_CONVERSION = YES_AGGRESSIVE;
				CLANG_CXX_LANGUAGE_STANDARD = "gnu++14";
				CLANG_CXX_LIBRARY = "libc++";
				CLANG_ENABLE_MODULES = YES;
				CLANG_ENABLE_OBJC_ARC = YES;
				CLANG_ENABLE_OBJC_WEAK = YES;
				CLANG_WARN_BLOCK_CAPTURE_AUTORELEASING = YES;
				CLANG_WARN_BOOL_CONVERSION = YES;
				CLANG_WARN_COMMA = YES;
				CLANG_WARN_CONSTANT_CONVERSION = YES;
				CLANG_WARN_DEPRECATED_OBJC_IMPLEMENTATIONS = YES;
				CLANG_WARN_DIRECT_OBJC_ISA_USAGE = YES_ERROR;
				CLANG_WARN_DOCUMENTATION_COMMENTS = YES;
				CLANG_WARN_EMPTY_BODY = YES;
				CLANG_WARN_ENUM_CONVERSION = YES;
				CLANG_WARN_INFINITE_RECURSION = YES;
				CLANG_WARN_INT_CONVERSION = YES;
				CLANG_WARN_NON_LITERAL_NULL_CONVERSION = YES;
				CLANG_WARN_OBJC_IMPLICIT_RETAIN_SELF = YES;
				CLANG_WARN_OBJC_LITERAL_CONVERSION = YES;
				CLANG_WARN_OBJC_ROOT_CLASS = YES_ERROR;
				CLANG_WARN_RANGE_LOOP_ANALYSIS = YES;
				CLANG_WARN_STRICT_PROTOTYPES = YES;
				CLANG_WARN_SUSPICIOUS_MOVE = YES;
				CLANG_WARN_UNGUARDED_AVAILABILITY = YES_AGGRESSIVE;
				CLANG_WARN_UNREACHABLE_CODE = YES;
				CLANG_WARN__DUPLICATE_METHOD_MATCH = YES;
				CODE_SIGN_IDENTITY = "iPhone Developer";
				COPY_PHASE_STRIP = NO;
				DEBUG_INFORMATION_FORMAT = "dwarf-with-dsym";
				ENABLE_NS_ASSERTIONS = NO;
				ENABLE_STRICT_OBJC_MSGSEND = YES;
				GCC_C_LANGUAGE_STANDARD = gnu11;
				GCC_NO_COMMON_BLOCKS = YES;
				GCC_WARN_64_TO_32_BIT_CONVERSION = YES;
				GCC_WARN_ABOUT_RETURN_TYPE = YES_ERROR;
				GCC_WARN_UNDECLARED_SELECTOR = YES;
				GCC_WARN_UNINITIALIZED_AUTOS = YES_AGGRESSIVE;
				GCC_WARN_UNUSED_FUNCTION = YES;
				GCC_WARN_UNUSED_VARIABLE = YES;
				IPHONEOS_DEPLOYMENT_TARGET = 11.0;
				MTL_ENABLE_DEBUG_INFO = NO;
				MTL_FAST_MATH = YES;
				SDKROOT = iphoneos;
				SWIFT_COMPILATION_MODE = wholemodule;
				SWIFT_OPTIMIZATION_LEVEL = "-O";
				VALIDATE_PRODUCT = YES;
			};
			name = Release;
		};
		FFD7D9F022B3A54B00FBA008 /* Debug */ = {
			isa = XCBuildConfiguration;
			buildSettings = {
				ASSETCATALOG_COMPILER_APPICON_NAME = AppIcon;
				CODE_SIGN_STYLE = Automatic;
				DEVELOPMENT_TEAM = ZC47CUWGGS;
				INFOPLIST_FILE = baluchon/Info.plist;
				LD_RUNPATH_SEARCH_PATHS = (
					"$(inherited)",
					"@executable_path/Frameworks",
				);
				PRODUCT_BUNDLE_IDENTIFIER = com.JordanMoreau.baluchon;
				PRODUCT_NAME = "$(TARGET_NAME)";
				SWIFT_VERSION = 5.0;
				TARGETED_DEVICE_FAMILY = 1;
			};
			name = Debug;
		};
		FFD7D9F122B3A54B00FBA008 /* Release */ = {
			isa = XCBuildConfiguration;
			buildSettings = {
				ASSETCATALOG_COMPILER_APPICON_NAME = AppIcon;
				CODE_SIGN_STYLE = Automatic;
				DEVELOPMENT_TEAM = ZC47CUWGGS;
				INFOPLIST_FILE = baluchon/Info.plist;
				LD_RUNPATH_SEARCH_PATHS = (
					"$(inherited)",
					"@executable_path/Frameworks",
				);
				PRODUCT_BUNDLE_IDENTIFIER = com.JordanMoreau.baluchon;
				PRODUCT_NAME = "$(TARGET_NAME)";
				SWIFT_VERSION = 5.0;
				TARGETED_DEVICE_FAMILY = 1;
			};
			name = Release;
		};
/* End XCBuildConfiguration section */

/* Begin XCConfigurationList section */
		FF5CC25622B3FA5D0020EB40 /* Build configuration list for PBXNativeTarget "ExchangeTest" */ = {
			isa = XCConfigurationList;
			buildConfigurations = (
				FF5CC25722B3FA5D0020EB40 /* Debug */,
				FF5CC25822B3FA5D0020EB40 /* Release */,
			);
			defaultConfigurationIsVisible = 0;
			defaultConfigurationName = Release;
		};
		FFD7D9CD22B3A54A00FBA008 /* Build configuration list for PBXProject "Baluchon" */ = {
			isa = XCConfigurationList;
			buildConfigurations = (
				FFD7D9ED22B3A54B00FBA008 /* Debug */,
				FFD7D9EE22B3A54B00FBA008 /* Release */,
			);
			defaultConfigurationIsVisible = 0;
			defaultConfigurationName = Release;
		};
		FFD7D9EF22B3A54B00FBA008 /* Build configuration list for PBXNativeTarget "Baluchon" */ = {
			isa = XCConfigurationList;
			buildConfigurations = (
				FFD7D9F022B3A54B00FBA008 /* Debug */,
				FFD7D9F122B3A54B00FBA008 /* Release */,
			);
			defaultConfigurationIsVisible = 0;
			defaultConfigurationName = Release;
		};
/* End XCConfigurationList section */
	};
	rootObject = FFD7D9CA22B3A54A00FBA008 /* Project object */;
}
